
Microsoft Visual Studio Solution File, Format Version 12.00
# Visual Studio Version 17
VisualStudioVersion = 17.2.32616.157
MinimumVisualStudioVersion = 10.0.40219.1
Project("{FAE04EC0-301F-11D3-BF4B-00C04F79EFBC}") = "Inta.Framework.Ado.Net", "Inta.Framework.Ado.Net\Inta.Framework.Ado.Net.csproj", "{FE5EA30E-D2FF-4D24-B22A-8D0138027DBD}"
EndProject
Project("{FAE04EC0-301F-11D3-BF4B-00C04F79EFBC}") = "Inta.Framework.Contract", "Inta.Framework.Contract\Inta.Framework.Contract.csproj", "{F5C4E264-B7B8-4BC2-B0C6-0A7A418D9167}"
EndProject
Project("{FAE04EC0-301F-11D3-BF4B-00C04F79EFBC}") = "Inta.Framework.Admin", "Inta.Framework.Admin\Inta.Framework.Admin.csproj", "{30A8FCF4-5FE5-4277-A54E-132CB73E2D21}"
EndProject
Project("{FAE04EC0-301F-11D3-BF4B-00C04F79EFBC}") = "Inta.Framework.Web.Base", "Inta.Framework.Web.Base\Inta.Framework.Web.Base.csproj", "{C2415E55-8FE0-4716-8174-97CDAB9646A5}"
EndProject
Global
	GlobalSection(SolutionConfigurationPlatforms) = preSolution
		Debug|Any CPU = Debug|Any CPU
		Release|Any CPU = Release|Any CPU
	EndGlobalSection
	GlobalSection(ProjectConfigurationPlatforms) = postSolution
		{FE5EA30E-D2FF-4D24-B22A-8D0138027DBD}.Debug|Any CPU.ActiveCfg = Debug|Any CPU
		{FE5EA30E-D2FF-4D24-B22A-8D0138027DBD}.Debug|Any CPU.Build.0 = Debug|Any CPU
		{FE5EA30E-D2FF-4D24-B22A-8D0138027DBD}.Release|Any CPU.ActiveCfg = Release|Any CPU
		{FE5EA30E-D2FF-4D24-B22A-8D0138027DBD}.Release|Any CPU.Build.0 = Release|Any CPU
		{F5C4E264-B7B8-4BC2-B0C6-0A7A418D9167}.Debug|Any CPU.ActiveCfg = Debug|Any CPU
		{F5C4E264-B7B8-4BC2-B0C6-0A7A418D9167}.Debug|Any CPU.Build.0 = Debug|Any CPU
		{F5C4E264-B7B8-4BC2-B0C6-0A7A418D9167}.Release|Any CPU.ActiveCfg = Release|Any CPU
		{F5C4E264-B7B8-4BC2-B0C6-0A7A418D9167}.Release|Any CPU.Build.0 = Release|Any CPU
		{30A8FCF4-5FE5-4277-A54E-132CB73E2D21}.Debug|Any CPU.ActiveCfg = Debug|Any CPU
		{30A8FCF4-5FE5-4277-A54E-132CB73E2D21}.Debug|Any CPU.Build.0 = Debug|Any CPU
		{30A8FCF4-5FE5-4277-A54E-132CB73E2D21}.Release|Any CPU.ActiveCfg = Release|Any CPU
		{30A8FCF4-5FE5-4277-A54E-132CB73E2D21}.Release|Any CPU.Build.0 = Release|Any CPU
		{C2415E55-8FE0-4716-8174-97CDAB9646A5}.Debug|Any CPU.ActiveCfg = Debug|Any CPU
		{C2415E55-8FE0-4716-8174-97CDAB9646A5}.Debug|Any CPU.Build.0 = Debug|Any CPU
		{C2415E55-8FE0-4716-8174-97CDAB9646A5}.Release|Any CPU.ActiveCfg = Release|Any CPU
		{C2415E55-8FE0-4716-8174-97CDAB9646A5}.Release|Any CPU.Build.0 = Release|Any CPU
	EndGlobalSection
	GlobalSection(SolutionProperties) = preSolution
		HideSolutionNode = FALSE
	EndGlobalSection
	GlobalSection(ExtensibilityGlobals) = postSolution
		SolutionGuid = {08B5D11A-5D7D-41F7-9F90-DFFCCEE52698}
	EndGlobalSection
EndGlobal
